<?xml version="1.0" encoding="utf-8"?>
<Project ToolsVersion="4.0" xmlns="http://schemas.microsoft.com/developer/msbuild/2003">
  <ItemGroup>
    <ClCompile Include="crc32.cpp">
      <Filter>Source Files</Filter>
    </ClCompile>
    <ClCompile Include="main.cpp">
      <Filter>Source Files</Filter>
    </ClCompile>
    <ClCompile Include="pca9468_mp12.cpp">
      <Filter>Source Files</Filter>
    </ClCompile>
    <ClCompile Include="pca9468_mp12_def.cpp">
      <Filter>Source Files</Filter>
    </ClCompile>
  </ItemGroup>
  <ItemGroup>
    <ClInclude Include="crc32.h">
      <Filter>Header Files</Filter>
    </ClInclude>
    <ClInclude Include="pca9468_mp12_def.h">
      <Filter>Header Files</Filter>
    </ClInclude>
    <ClInclude Include="pca9468_mp12.h">
      <Filter>Header Files</Filter>
    </ClInclude>
    <ClInclude Include="pca9468_mp12_types.h">
      <Filter>Header Files</Filter>
    </ClInclude>
  </ItemGroup>
  <ItemGroup>
    <Filter Include="Header Files">
      <UniqueIdentifier>{a8e0b004-7061-46a0-b4e9-1699ff453096}</UniqueIdentifier>
    </Filter>
    <Filter Include="Resource Files">
      <UniqueIdentifier>{ecb46e52-c07f-4ee1-a43a-5fc600e976f4}</UniqueIdentifier>
    </Filter>
    <Filter Include="Source Files">
      <UniqueIdentifier>{ffad95f6-5d53-40b9-a4a9-d0c01780dcf3}</UniqueIdentifier>
    </Filter>
  </ItemGroup>
  <ItemGroup>
    <None Include="pca9468_mp12.def">
      <Filter>Source Files</Filter>
    </None>
  </ItemGroup>
</Project>