
Microsoft Visual Studio Solution File, Format Version 12.00
# Visual Studio Express 2013 for Windows Desktop
VisualStudioVersion = 12.0.21005.1
MinimumVisualStudioVersion = 10.0.40219.1
Project("{F184B08F-C81C-45F6-A57F-5ABD9991F28F}") = "PCA9468_MP12", "PCA9468_MP12.vbproj", "{C918D03D-A215-4DA9-BFF0-7FC7FF3BCC44}"
	ProjectSection(ProjectDependencies) = postProject
		{79F02974-771E-4A09-B078-5A08E4EBE97C} = {79F02974-771E-4A09-B078-5A08E4EBE97C}
		{D15AFA7B-59D5-4781-85DD-0F5974F07208} = {D15AFA7B-59D5-4781-85DD-0F5974F07208}
		{AB28FEC5-AE7C-4815-9EFD-33A46B8C0F8E} = {AB28FEC5-AE7C-4815-9EFD-33A46B8C0F8E}
	EndProjectSection
EndProject
Project("{F184B08F-C81C-45F6-A57F-5ABD9991F28F}") = "mvc", "mvc\mvc.vbproj", "{AB28FEC5-AE7C-4815-9EFD-33A46B8C0F8E}"
	ProjectSection(ProjectDependencies) = postProject
		{D15AFA7B-59D5-4781-85DD-0F5974F07208} = {D15AFA7B-59D5-4781-85DD-0F5974F07208}
	EndProjectSection
EndProject
Project("{8BC9CEB8-8B4A-11D0-8D11-00A0C91BC942}") = "pca9498_com", "pca9498_com\pca9498_com.vcxproj", "{D15AFA7B-59D5-4781-85DD-0F5974F07208}"
EndProject
Project("{F184B08F-C81C-45F6-A57F-5ABD9991F28F}") = "PcaConnect", "PcaConnect\PcaConnect.vbproj", "{14E66A4F-1C3C-40C1-97FE-21EE93BA5716}"
EndProject
Project("{8BC9CEB8-8B4A-11D0-8D11-00A0C91BC942}") = "pca9468_mp12_def", "pca9468_mp12_def\pca9468_mp12_def.vcxproj", "{79F02974-771E-4A09-B078-5A08E4EBE97C}"
EndProject
Project("{F184B08F-C81C-45F6-A57F-5ABD9991F28F}") = "pca9468_mp12_fields", "pca9468_mp12_fields\pca9468_mp12_fields.vbproj", "{DFA055FA-57CF-4926-BBAE-69381C752C59}"
EndProject
Global
	GlobalSection(SolutionConfigurationPlatforms) = preSolution
		Debug|Any CPU = Debug|Any CPU
		Debug|Mixed Platforms = Debug|Mixed Platforms
		Debug|Win32 = Debug|Win32
		Debug|x64 = Debug|x64
		Debug|x86 = Debug|x86
		Release|Any CPU = Release|Any CPU
		Release|Mixed Platforms = Release|Mixed Platforms
		Release|Win32 = Release|Win32
		Release|x64 = Release|x64
		Release|x86 = Release|x86
	EndGlobalSection
	GlobalSection(ProjectConfigurationPlatforms) = postSolution
		{C918D03D-A215-4DA9-BFF0-7FC7FF3BCC44}.Debug|Any CPU.ActiveCfg = Debug|x86
		{C918D03D-A215-4DA9-BFF0-7FC7FF3BCC44}.Debug|Mixed Platforms.ActiveCfg = Debug|x64
		{C918D03D-A215-4DA9-BFF0-7FC7FF3BCC44}.Debug|Mixed Platforms.Build.0 = Debug|x64
		{C918D03D-A215-4DA9-BFF0-7FC7FF3BCC44}.Debug|Win32.ActiveCfg = Debug|x86
		{C918D03D-A215-4DA9-BFF0-7FC7FF3BCC44}.Debug|x64.ActiveCfg = Debug|x64
		{C918D03D-A215-4DA9-BFF0-7FC7FF3BCC44}.Debug|x64.Build.0 = Debug|x64
		{C918D03D-A215-4DA9-BFF0-7FC7FF3BCC44}.Debug|x86.ActiveCfg = Debug|x86
		{C918D03D-A215-4DA9-BFF0-7FC7FF3BCC44}.Debug|x86.Build.0 = Debug|x86
		{C918D03D-A215-4DA9-BFF0-7FC7FF3BCC44}.Release|Any CPU.ActiveCfg = Release|x86
		{C918D03D-A215-4DA9-BFF0-7FC7FF3BCC44}.Release|Mixed Platforms.ActiveCfg = Release|x86
		{C918D03D-A215-4DA9-BFF0-7FC7FF3BCC44}.Release|Mixed Platforms.Build.0 = Release|x86
		{C918D03D-A215-4DA9-BFF0-7FC7FF3BCC44}.Release|Win32.ActiveCfg = Release|x86
		{C918D03D-A215-4DA9-BFF0-7FC7FF3BCC44}.Release|x64.ActiveCfg = Release|x64
		{C918D03D-A215-4DA9-BFF0-7FC7FF3BCC44}.Release|x64.Build.0 = Release|x64
		{C918D03D-A215-4DA9-BFF0-7FC7FF3BCC44}.Release|x86.ActiveCfg = Release|x86
		{C918D03D-A215-4DA9-BFF0-7FC7FF3BCC44}.Release|x86.Build.0 = Release|x86
		{AB28FEC5-AE7C-4815-9EFD-33A46B8C0F8E}.Debug|Any CPU.ActiveCfg = Debug|Any CPU
		{AB28FEC5-AE7C-4815-9EFD-33A46B8C0F8E}.Debug|Any CPU.Build.0 = Debug|Any CPU
		{AB28FEC5-AE7C-4815-9EFD-33A46B8C0F8E}.Debug|Mixed Platforms.ActiveCfg = Debug|x64
		{AB28FEC5-AE7C-4815-9EFD-33A46B8C0F8E}.Debug|Mixed Platforms.Build.0 = Debug|x64
		{AB28FEC5-AE7C-4815-9EFD-33A46B8C0F8E}.Debug|Win32.ActiveCfg = Debug|x64
		{AB28FEC5-AE7C-4815-9EFD-33A46B8C0F8E}.Debug|x64.ActiveCfg = Debug|x64
		{AB28FEC5-AE7C-4815-9EFD-33A46B8C0F8E}.Debug|x64.Build.0 = Debug|x64
		{AB28FEC5-AE7C-4815-9EFD-33A46B8C0F8E}.Debug|x86.ActiveCfg = Debug|x86
		{AB28FEC5-AE7C-4815-9EFD-33A46B8C0F8E}.Debug|x86.Build.0 = Debug|x86
		{AB28FEC5-AE7C-4815-9EFD-33A46B8C0F8E}.Release|Any CPU.ActiveCfg = Release|Any CPU
		{AB28FEC5-AE7C-4815-9EFD-33A46B8C0F8E}.Release|Any CPU.Build.0 = Release|Any CPU
		{AB28FEC5-AE7C-4815-9EFD-33A46B8C0F8E}.Release|Mixed Platforms.ActiveCfg = Release|x64
		{AB28FEC5-AE7C-4815-9EFD-33A46B8C0F8E}.Release|Mixed Platforms.Build.0 = Release|x64
		{AB28FEC5-AE7C-4815-9EFD-33A46B8C0F8E}.Release|Win32.ActiveCfg = Release|x64
		{AB28FEC5-AE7C-4815-9EFD-33A46B8C0F8E}.Release|x64.ActiveCfg = Release|x64
		{AB28FEC5-AE7C-4815-9EFD-33A46B8C0F8E}.Release|x64.Build.0 = Release|x64
		{AB28FEC5-AE7C-4815-9EFD-33A46B8C0F8E}.Release|x86.ActiveCfg = Release|x86
		{AB28FEC5-AE7C-4815-9EFD-33A46B8C0F8E}.Release|x86.Build.0 = Release|x86
		{D15AFA7B-59D5-4781-85DD-0F5974F07208}.Debug|Any CPU.ActiveCfg = Debug|x64
		{D15AFA7B-59D5-4781-85DD-0F5974F07208}.Debug|Mixed Platforms.ActiveCfg = Debug|x64
		{D15AFA7B-59D5-4781-85DD-0F5974F07208}.Debug|Mixed Platforms.Build.0 = Debug|x64
		{D15AFA7B-59D5-4781-85DD-0F5974F07208}.Debug|Win32.ActiveCfg = Debug|Win32
		{D15AFA7B-59D5-4781-85DD-0F5974F07208}.Debug|Win32.Build.0 = Debug|Win32
		{D15AFA7B-59D5-4781-85DD-0F5974F07208}.Debug|x64.ActiveCfg = Debug|x64
		{D15AFA7B-59D5-4781-85DD-0F5974F07208}.Debug|x64.Build.0 = Debug|x64
		{D15AFA7B-59D5-4781-85DD-0F5974F07208}.Debug|x86.ActiveCfg = Debug|x64
		{D15AFA7B-59D5-4781-85DD-0F5974F07208}.Release|Any CPU.ActiveCfg = Release|x64
		{D15AFA7B-59D5-4781-85DD-0F5974F07208}.Release|Mixed Platforms.ActiveCfg = Release|x64
		{D15AFA7B-59D5-4781-85DD-0F5974F07208}.Release|Mixed Platforms.Build.0 = Release|x64
		{D15AFA7B-59D5-4781-85DD-0F5974F07208}.Release|Win32.ActiveCfg = Release|Win32
		{D15AFA7B-59D5-4781-85DD-0F5974F07208}.Release|Win32.Build.0 = Release|Win32
		{D15AFA7B-59D5-4781-85DD-0F5974F07208}.Release|x64.ActiveCfg = Release|x64
		{D15AFA7B-59D5-4781-85DD-0F5974F07208}.Release|x64.Build.0 = Release|x64
		{D15AFA7B-59D5-4781-85DD-0F5974F07208}.Release|x86.ActiveCfg = Release|x64
		{14E66A4F-1C3C-40C1-97FE-21EE93BA5716}.Debug|Any CPU.ActiveCfg = Debug|Any CPU
		{14E66A4F-1C3C-40C1-97FE-21EE93BA5716}.Debug|Any CPU.Build.0 = Debug|Any CPU
		{14E66A4F-1C3C-40C1-97FE-21EE93BA5716}.Debug|Mixed Platforms.ActiveCfg = Debug|x64
		{14E66A4F-1C3C-40C1-97FE-21EE93BA5716}.Debug|Mixed Platforms.Build.0 = Debug|x64
		{14E66A4F-1C3C-40C1-97FE-21EE93BA5716}.Debug|Win32.ActiveCfg = Debug|x64
		{14E66A4F-1C3C-40C1-97FE-21EE93BA5716}.Debug|x64.ActiveCfg = Debug|x64
		{14E66A4F-1C3C-40C1-97FE-21EE93BA5716}.Debug|x64.Build.0 = Debug|x64
		{14E66A4F-1C3C-40C1-97FE-21EE93BA5716}.Debug|x86.ActiveCfg = Debug|x86
		{14E66A4F-1C3C-40C1-97FE-21EE93BA5716}.Debug|x86.Build.0 = Debug|x86
		{14E66A4F-1C3C-40C1-97FE-21EE93BA5716}.Release|Any CPU.ActiveCfg = Release|Any CPU
		{14E66A4F-1C3C-40C1-97FE-21EE93BA5716}.Release|Any CPU.Build.0 = Release|Any CPU
		{14E66A4F-1C3C-40C1-97FE-21EE93BA5716}.Release|Mixed Platforms.ActiveCfg = Release|x64
		{14E66A4F-1C3C-40C1-97FE-21EE93BA5716}.Release|Mixed Platforms.Build.0 = Release|x64
		{14E66A4F-1C3C-40C1-97FE-21EE93BA5716}.Release|Win32.ActiveCfg = Release|x64
		{14E66A4F-1C3C-40C1-97FE-21EE93BA5716}.Release|x64.ActiveCfg = Release|x64
		{14E66A4F-1C3C-40C1-97FE-21EE93BA5716}.Release|x64.Build.0 = Release|x64
		{14E66A4F-1C3C-40C1-97FE-21EE93BA5716}.Release|x86.ActiveCfg = Release|x86
		{14E66A4F-1C3C-40C1-97FE-21EE93BA5716}.Release|x86.Build.0 = Release|x86
		{79F02974-771E-4A09-B078-5A08E4EBE97C}.Debug|Any CPU.ActiveCfg = Debug|Win32
		{79F02974-771E-4A09-B078-5A08E4EBE97C}.Debug|Mixed Platforms.ActiveCfg = Debug|Win32
		{79F02974-771E-4A09-B078-5A08E4EBE97C}.Debug|Mixed Platforms.Build.0 = Debug|Win32
		{79F02974-771E-4A09-B078-5A08E4EBE97C}.Debug|Win32.ActiveCfg = Debug|Win32
		{79F02974-771E-4A09-B078-5A08E4EBE97C}.Debug|Win32.Build.0 = Debug|Win32
		{79F02974-771E-4A09-B078-5A08E4EBE97C}.Debug|x64.ActiveCfg = Debug|x64
		{79F02974-771E-4A09-B078-5A08E4EBE97C}.Debug|x64.Build.0 = Debug|x64
		{79F02974-771E-4A09-B078-5A08E4EBE97C}.Debug|x86.ActiveCfg = Debug|Win32
		{79F02974-771E-4A09-B078-5A08E4EBE97C}.Debug|x86.Build.0 = Debug|Win32
		{79F02974-771E-4A09-B078-5A08E4EBE97C}.Release|Any CPU.ActiveCfg = Release|Win32
		{79F02974-771E-4A09-B078-5A08E4EBE97C}.Release|Mixed Platforms.ActiveCfg = Release|Win32
		{79F02974-771E-4A09-B078-5A08E4EBE97C}.Release|Mixed Platforms.Build.0 = Release|Win32
		{79F02974-771E-4A09-B078-5A08E4EBE97C}.Release|Win32.ActiveCfg = Release|Win32
		{79F02974-771E-4A09-B078-5A08E4EBE97C}.Release|Win32.Build.0 = Release|Win32
		{79F02974-771E-4A09-B078-5A08E4EBE97C}.Release|x64.ActiveCfg = Release|x64
		{79F02974-771E-4A09-B078-5A08E4EBE97C}.Release|x64.Build.0 = Release|x64
		{79F02974-771E-4A09-B078-5A08E4EBE97C}.Release|x86.ActiveCfg = Release|Win32
		{79F02974-771E-4A09-B078-5A08E4EBE97C}.Release|x86.Build.0 = Release|Win32
		{DFA055FA-57CF-4926-BBAE-69381C752C59}.Debug|Any CPU.ActiveCfg = Debug|Any CPU
		{DFA055FA-57CF-4926-BBAE-69381C752C59}.Debug|Any CPU.Build.0 = Debug|Any CPU
		{DFA055FA-57CF-4926-BBAE-69381C752C59}.Debug|Mixed Platforms.ActiveCfg = Debug|x86
		{DFA055FA-57CF-4926-BBAE-69381C752C59}.Debug|Mixed Platforms.Build.0 = Debug|x86
		{DFA055FA-57CF-4926-BBAE-69381C752C59}.Debug|Win32.ActiveCfg = Debug|x86
		{DFA055FA-57CF-4926-BBAE-69381C752C59}.Debug|Win32.Build.0 = Debug|x86
		{DFA055FA-57CF-4926-BBAE-69381C752C59}.Debug|x64.ActiveCfg = Debug|x64
		{DFA055FA-57CF-4926-BBAE-69381C752C59}.Debug|x64.Build.0 = Debug|x64
		{DFA055FA-57CF-4926-BBAE-69381C752C59}.Debug|x86.ActiveCfg = Debug|x86
		{DFA055FA-57CF-4926-BBAE-69381C752C59}.Debug|x86.Build.0 = Debug|x86
		{DFA055FA-57CF-4926-BBAE-69381C752C59}.Release|Any CPU.ActiveCfg = Release|Any CPU
		{DFA055FA-57CF-4926-BBAE-69381C752C59}.Release|Any CPU.Build.0 = Release|Any CPU
		{DFA055FA-57CF-4926-BBAE-69381C752C59}.Release|Mixed Platforms.ActiveCfg = Release|x86
		{DFA055FA-57CF-4926-BBAE-69381C752C59}.Release|Mixed Platforms.Build.0 = Release|x86
		{DFA055FA-57CF-4926-BBAE-69381C752C59}.Release|Win32.ActiveCfg = Release|x86
		{DFA055FA-57CF-4926-BBAE-69381C752C59}.Release|Win32.Build.0 = Release|x86
		{DFA055FA-57CF-4926-BBAE-69381C752C59}.Release|x64.ActiveCfg = Release|x64
		{DFA055FA-57CF-4926-BBAE-69381C752C59}.Release|x64.Build.0 = Release|x64
		{DFA055FA-57CF-4926-BBAE-69381C752C59}.Release|x86.ActiveCfg = Release|x86
		{DFA055FA-57CF-4926-BBAE-69381C752C59}.Release|x86.Build.0 = Release|x86
	EndGlobalSection
	GlobalSection(SolutionProperties) = preSolution
		HideSolutionNode = FALSE
	EndGlobalSection
EndGlobal
